
Microsoft Visual Studio Solution File, Format Version 12.00
# Visual Studio Version 17
VisualStudioVersion = 17.14.36127.28 d17.14
MinimumVisualStudioVersion = 10.0.40219.1
Project("{FAE04EC0-301F-11D3-BF4B-00C04F79EFBC}") = "FileSharingPlatform", "FileSharingPlatform.csproj", "{DCB5B10E-0A5D-47DC-9DEE-8E1F41E574E6}"
EndProject
Global
	GlobalSection(SolutionConfigurationPlatforms) = preSolution
		Debug|Any CPU = Debug|Any CPU
		Release|Any CPU = Release|Any CPU
	EndGlobalSection
	GlobalSection(ProjectConfigurationPlatforms) = postSolution
		{DCB5B10E-0A5D-47DC-9DEE-8E1F41E574E6}.Debug|Any CPU.ActiveCfg = Debug|Any CPU
		{DCB5B10E-0A5D-47DC-9DEE-8E1F41E574E6}.Debug|Any CPU.Build.0 = Debug|Any CPU
		{DCB5B10E-0A5D-47DC-9DEE-8E1F41E574E6}.Release|Any CPU.ActiveCfg = Release|Any CPU
		{DCB5B10E-0A5D-47DC-9DEE-8E1F41E574E6}.Release|Any CPU.Build.0 = Release|Any CPU
	EndGlobalSection
	GlobalSection(SolutionProperties) = preSolution
		HideSolutionNode = FALSE
	EndGlobalSection
	GlobalSection(ExtensibilityGlobals) = postSolution
		SolutionGuid = {64D765FA-14A4-4BE5-8CBD-9E867C4D6CA7}
	EndGlobalSection
EndGlobal
